
Microsoft Visual Studio Solution File, Format Version 12.00
# Visual Studio Version 17
VisualStudioVersion = 17.2.32602.215
MinimumVisualStudioVersion = 10.0.40219.1
Project("{9A19103F-16F7-4668-BE54-9A1E7A4F7556}") = "MaterialsAPI", "MaterialsAPI\MaterialsAPI.csproj", "{77EF36B5-EE66-46B4-BCB9-7FFE07C49EA7}"
EndProject
Project("{9A19103F-16F7-4668-BE54-9A1E7A4F7556}") = "PurchaseAPI", "PurchaseAPI\PurchaseAPI.csproj", "{5EC6C359-D591-4294-B6B9-6B4F83010672}"
EndProject
Project("{9A19103F-16F7-4668-BE54-9A1E7A4F7556}") = "CommonLibrary", "CommonLibrary\CommonLibrary.csproj", "{5FBA3E45-1E45-4ABB-B662-3129FE9FBE18}"
EndProject
Project("{FAE04EC0-301F-11D3-BF4B-00C04F79EFBC}") = "PurchaseLibrary", "PurchaseLibrary\PurchaseLibrary.csproj", "{49EF79AE-BE17-44CD-912F-F9A5738360EB}"
EndProject
Project("{FAE04EC0-301F-11D3-BF4B-00C04F79EFBC}") = "MaterialLibrary", "MaterialLibrary\MaterialLibrary.csproj", "{F527ADDC-E6AB-426C-A3EF-8D92839ADD5B}"
EndProject
Global
	GlobalSection(SolutionConfigurationPlatforms) = preSolution
		Debug|Any CPU = Debug|Any CPU
		Release|Any CPU = Release|Any CPU
	EndGlobalSection
	GlobalSection(ProjectConfigurationPlatforms) = postSolution
		{77EF36B5-EE66-46B4-BCB9-7FFE07C49EA7}.Debug|Any CPU.ActiveCfg = Debug|Any CPU
		{77EF36B5-EE66-46B4-BCB9-7FFE07C49EA7}.Debug|Any CPU.Build.0 = Debug|Any CPU
		{77EF36B5-EE66-46B4-BCB9-7FFE07C49EA7}.Release|Any CPU.ActiveCfg = Release|Any CPU
		{77EF36B5-EE66-46B4-BCB9-7FFE07C49EA7}.Release|Any CPU.Build.0 = Release|Any CPU
		{5EC6C359-D591-4294-B6B9-6B4F83010672}.Debug|Any CPU.ActiveCfg = Debug|Any CPU
		{5EC6C359-D591-4294-B6B9-6B4F83010672}.Debug|Any CPU.Build.0 = Debug|Any CPU
		{5EC6C359-D591-4294-B6B9-6B4F83010672}.Release|Any CPU.ActiveCfg = Release|Any CPU
		{5EC6C359-D591-4294-B6B9-6B4F83010672}.Release|Any CPU.Build.0 = Release|Any CPU
		{5FBA3E45-1E45-4ABB-B662-3129FE9FBE18}.Debug|Any CPU.ActiveCfg = Debug|Any CPU
		{5FBA3E45-1E45-4ABB-B662-3129FE9FBE18}.Debug|Any CPU.Build.0 = Debug|Any CPU
		{5FBA3E45-1E45-4ABB-B662-3129FE9FBE18}.Release|Any CPU.ActiveCfg = Release|Any CPU
		{5FBA3E45-1E45-4ABB-B662-3129FE9FBE18}.Release|Any CPU.Build.0 = Release|Any CPU
		{49EF79AE-BE17-44CD-912F-F9A5738360EB}.Debug|Any CPU.ActiveCfg = Debug|Any CPU
		{49EF79AE-BE17-44CD-912F-F9A5738360EB}.Debug|Any CPU.Build.0 = Debug|Any CPU
		{49EF79AE-BE17-44CD-912F-F9A5738360EB}.Release|Any CPU.ActiveCfg = Release|Any CPU
		{49EF79AE-BE17-44CD-912F-F9A5738360EB}.Release|Any CPU.Build.0 = Release|Any CPU
		{F527ADDC-E6AB-426C-A3EF-8D92839ADD5B}.Debug|Any CPU.ActiveCfg = Debug|Any CPU
		{F527ADDC-E6AB-426C-A3EF-8D92839ADD5B}.Debug|Any CPU.Build.0 = Debug|Any CPU
		{F527ADDC-E6AB-426C-A3EF-8D92839ADD5B}.Release|Any CPU.ActiveCfg = Release|Any CPU
		{F527ADDC-E6AB-426C-A3EF-8D92839ADD5B}.Release|Any CPU.Build.0 = Release|Any CPU
	EndGlobalSection
	GlobalSection(SolutionProperties) = preSolution
		HideSolutionNode = FALSE
	EndGlobalSection
	GlobalSection(ExtensibilityGlobals) = postSolution
		SolutionGuid = {89253A3A-31A1-47F8-9E09-ABC208020336}
	EndGlobalSection
EndGlobal
